
Microsoft Visual Studio Solution File, Format Version 12.00
# Visual Studio 15
VisualStudioVersion = 15.0.28010.2041
MinimumVisualStudioVersion = 10.0.40219.1
Project("{FAE04EC0-301F-11D3-BF4B-00C04F79EFBC}") = "Interfacer", "Interfacer\Interfacer.csproj", "{52EB58E6-8793-4FE8-9151-F314FD354440}"
EndProject
Project("{FAE04EC0-301F-11D3-BF4B-00C04F79EFBC}") = "GWrapper", "GWrapper\GWrapper.csproj", "{8D18A61E-6616-45DC-AC68-89A3BD29E98A}"
EndProject
Global
	GlobalSection(SolutionConfigurationPlatforms) = preSolution
		Debug|Any CPU = Debug|Any CPU
		Debug|ARM = Debug|ARM
		Debug|x64 = Debug|x64
		Debug|x86 = Debug|x86
		Release|Any CPU = Release|Any CPU
		Release|ARM = Release|ARM
		Release|x64 = Release|x64
		Release|x86 = Release|x86
	EndGlobalSection
	GlobalSection(ProjectConfigurationPlatforms) = postSolution
		{52EB58E6-8793-4FE8-9151-F314FD354440}.Debug|Any CPU.ActiveCfg = Debug|Any CPU
		{52EB58E6-8793-4FE8-9151-F314FD354440}.Debug|Any CPU.Build.0 = Debug|Any CPU
		{52EB58E6-8793-4FE8-9151-F314FD354440}.Debug|ARM.ActiveCfg = Debug|Any CPU
		{52EB58E6-8793-4FE8-9151-F314FD354440}.Debug|ARM.Build.0 = Debug|Any CPU
		{52EB58E6-8793-4FE8-9151-F314FD354440}.Debug|x64.ActiveCfg = Debug|Any CPU
		{52EB58E6-8793-4FE8-9151-F314FD354440}.Debug|x64.Build.0 = Debug|Any CPU
		{52EB58E6-8793-4FE8-9151-F314FD354440}.Debug|x86.ActiveCfg = Debug|Any CPU
		{52EB58E6-8793-4FE8-9151-F314FD354440}.Debug|x86.Build.0 = Debug|Any CPU
		{52EB58E6-8793-4FE8-9151-F314FD354440}.Release|Any CPU.ActiveCfg = Release|Any CPU
		{52EB58E6-8793-4FE8-9151-F314FD354440}.Release|Any CPU.Build.0 = Release|Any CPU
		{52EB58E6-8793-4FE8-9151-F314FD354440}.Release|ARM.ActiveCfg = Release|Any CPU
		{52EB58E6-8793-4FE8-9151-F314FD354440}.Release|ARM.Build.0 = Release|Any CPU
		{52EB58E6-8793-4FE8-9151-F314FD354440}.Release|x64.ActiveCfg = Release|Any CPU
		{52EB58E6-8793-4FE8-9151-F314FD354440}.Release|x64.Build.0 = Release|Any CPU
		{52EB58E6-8793-4FE8-9151-F314FD354440}.Release|x86.ActiveCfg = Release|Any CPU
		{52EB58E6-8793-4FE8-9151-F314FD354440}.Release|x86.Build.0 = Release|Any CPU
		{8D18A61E-6616-45DC-AC68-89A3BD29E98A}.Debug|Any CPU.ActiveCfg = Debug|Any CPU
		{8D18A61E-6616-45DC-AC68-89A3BD29E98A}.Debug|Any CPU.Build.0 = Debug|Any CPU
		{8D18A61E-6616-45DC-AC68-89A3BD29E98A}.Debug|ARM.ActiveCfg = Debug|Any CPU
		{8D18A61E-6616-45DC-AC68-89A3BD29E98A}.Debug|ARM.Build.0 = Debug|Any CPU
		{8D18A61E-6616-45DC-AC68-89A3BD29E98A}.Debug|x64.ActiveCfg = Debug|Any CPU
		{8D18A61E-6616-45DC-AC68-89A3BD29E98A}.Debug|x64.Build.0 = Debug|Any CPU
		{8D18A61E-6616-45DC-AC68-89A3BD29E98A}.Debug|x86.ActiveCfg = Debug|Any CPU
		{8D18A61E-6616-45DC-AC68-89A3BD29E98A}.Debug|x86.Build.0 = Debug|Any CPU
		{8D18A61E-6616-45DC-AC68-89A3BD29E98A}.Release|Any CPU.ActiveCfg = Release|Any CPU
		{8D18A61E-6616-45DC-AC68-89A3BD29E98A}.Release|Any CPU.Build.0 = Release|Any CPU
		{8D18A61E-6616-45DC-AC68-89A3BD29E98A}.Release|ARM.ActiveCfg = Release|Any CPU
		{8D18A61E-6616-45DC-AC68-89A3BD29E98A}.Release|ARM.Build.0 = Release|Any CPU
		{8D18A61E-6616-45DC-AC68-89A3BD29E98A}.Release|x64.ActiveCfg = Release|Any CPU
		{8D18A61E-6616-45DC-AC68-89A3BD29E98A}.Release|x64.Build.0 = Release|Any CPU
		{8D18A61E-6616-45DC-AC68-89A3BD29E98A}.Release|x86.ActiveCfg = Release|Any CPU
		{8D18A61E-6616-45DC-AC68-89A3BD29E98A}.Release|x86.Build.0 = Release|Any CPU
	EndGlobalSection
	GlobalSection(SolutionProperties) = preSolution
		HideSolutionNode = FALSE
	EndGlobalSection
	GlobalSection(ExtensibilityGlobals) = postSolution
		SolutionGuid = {1840E1F6-3335-4112-A727-D4EDB0E878D7}
	EndGlobalSection
EndGlobal
