
Microsoft Visual Studio Solution File, Format Version 12.00
# Visual Studio 15
VisualStudioVersion = 15.0.28010.2041
MinimumVisualStudioVersion = 10.0.40219.1
Project("{FAE04EC0-301F-11D3-BF4B-00C04F79EFBC}") = "GoogleSheetsInterfacer", "GoogleSheetsInterfacer\GoogleSheetsInterfacer.csproj", "{B90B6614-A1AB-4E88-8936-15D21DBA1FCC}"
EndProject
Global
	GlobalSection(SolutionConfigurationPlatforms) = preSolution
		Debug|Any CPU = Debug|Any CPU
		Release|Any CPU = Release|Any CPU
	EndGlobalSection
	GlobalSection(ProjectConfigurationPlatforms) = postSolution
		{B90B6614-A1AB-4E88-8936-15D21DBA1FCC}.Debug|Any CPU.ActiveCfg = Debug|Any CPU
		{B90B6614-A1AB-4E88-8936-15D21DBA1FCC}.Debug|Any CPU.Build.0 = Debug|Any CPU
		{B90B6614-A1AB-4E88-8936-15D21DBA1FCC}.Release|Any CPU.ActiveCfg = Release|Any CPU
		{B90B6614-A1AB-4E88-8936-15D21DBA1FCC}.Release|Any CPU.Build.0 = Release|Any CPU
	EndGlobalSection
	GlobalSection(SolutionProperties) = preSolution
		HideSolutionNode = FALSE
	EndGlobalSection
	GlobalSection(ExtensibilityGlobals) = postSolution
		SolutionGuid = {1840E1F6-3335-4112-A727-D4EDB0E878D7}
	EndGlobalSection
EndGlobal
